// !$*UTF8*$!
{
	archiveVersion = 1;
	classes = {
	};
	objectVersion = 50;
	objects = {

/* Begin PBXBuildFile section */
		3124FA12254B6925006AF67B /* AppDelegate.swift in Sources */ = {isa = PBXBuildFile; fileRef = 3124FA11254B6925006AF67B /* AppDelegate.swift */; };
		3124FA14254B6925006AF67B /* SceneDelegate.swift in Sources */ = {isa = PBXBuildFile; fileRef = 3124FA13254B6925006AF67B /* SceneDelegate.swift */; };
		3124FA16254B6925006AF67B /* ContentView.swift in Sources */ = {isa = PBXBuildFile; fileRef = 3124FA15254B6925006AF67B /* ContentView.swift */; };
		3124FA18254B6928006AF67B /* Assets.xcassets in Resources */ = {isa = PBXBuildFile; fileRef = 3124FA17254B6928006AF67B /* Assets.xcassets */; };
		3124FA1B254B6928006AF67B /* Preview Assets.xcassets in Resources */ = {isa = PBXBuildFile; fileRef = 3124FA1A254B6928006AF67B /* Preview Assets.xcassets */; };
		3124FA1E254B6928006AF67B /* LaunchScreen.storyboard in Resources */ = {isa = PBXBuildFile; fileRef = 3124FA1C254B6928006AF67B /* LaunchScreen.storyboard */; };
		3124FA29254B6928006AF67B /* BetterRestTests.swift in Sources */ = {isa = PBXBuildFile; fileRef = 3124FA28254B6928006AF67B /* BetterRestTests.swift */; };
		3124FA34254B6928006AF67B /* BetterRestUITests.swift in Sources */ = {isa = PBXBuildFile; fileRef = 3124FA33254B6928006AF67B /* BetterRestUITests.swift */; };
/* End PBXBuildFile section */

/* Begin PBXContainerItemProxy section */
		3124FA25254B6928006AF67B /* PBXContainerItemProxy */ = {
			isa = PBXContainerItemProxy;
			containerPortal = 3124FA06254B6925006AF67B /* Project object */;
			proxyType = 1;
			remoteGlobalIDString = 3124FA0D254B6925006AF67B;
			remoteInfo = BetterRest;
		};
		3124FA30254B6928006AF67B /* PBXContainerItemProxy */ = {
			isa = PBXContainerItemProxy;
			containerPortal = 3124FA06254B6925006AF67B /* Project object */;
			proxyType = 1;
			remoteGlobalIDString = 3124FA0D254B6925006AF67B;
			remoteInfo = BetterRest;
		};
/* End PBXContainerItemProxy section */

/* Begin PBXFileReference section */
		3124FA0E254B6925006AF67B /* BetterRest.app */ = {isa = PBXFileReference; explicitFileType = wrapper.application; includeInIndex = 0; path = BetterRest.app; sourceTree = BUILT_PRODUCTS_DIR; };
		3124FA11254B6925006AF67B /* AppDelegate.swift */ = {isa = PBXFileReference; lastKnownFileType = sourcecode.swift; path = AppDelegate.swift; sourceTree = "<group>"; };
		3124FA13254B6925006AF67B /* SceneDelegate.swift */ = {isa = PBXFileReference; lastKnownFileType = sourcecode.swift; path = SceneDelegate.swift; sourceTree = "<group>"; };
		3124FA15254B6925006AF67B /* ContentView.swift */ = {isa = PBXFileReference; lastKnownFileType = sourcecode.swift; path = ContentView.swift; sourceTree = "<group>"; };
		3124FA17254B6928006AF67B /* Assets.xcassets */ = {isa = PBXFileReference; lastKnownFileType = folder.assetcatalog; path = Assets.xcassets; sourceTree = "<group>"; };
		3124FA1A254B6928006AF67B /* Preview Assets.xcassets */ = {isa = PBXFileReference; lastKnownFileType = folder.assetcatalog; path = "Preview Assets.xcassets"; sourceTree = "<group>"; };
		3124FA1D254B6928006AF67B /* Base */ = {isa = PBXFileReference; lastKnownFileType = file.storyboard; name = Base; path = Base.lproj/LaunchScreen.storyboard; sourceTree = "<group>"; };
		3124FA1F254B6928006AF67B /* Info.plist */ = {isa = PBXFileReference; lastKnownFileType = text.plist.xml; path = Info.plist; sourceTree = "<group>"; };
		3124FA24254B6928006AF67B /* BetterRestTests.xctest */ = {isa = PBXFileReference; explicitFileType = wrapper.cfbundle; includeInIndex = 0; path = BetterRestTests.xctest; sourceTree = BUILT_PRODUCTS_DIR; };
		3124FA28254B6928006AF67B /* BetterRestTests.swift */ = {isa = PBXFileReference; lastKnownFileType = sourcecode.swift; path = BetterRestTests.swift; sourceTree = "<group>"; };
		3124FA2A254B6928006AF67B /* Info.plist */ = {isa = PBXFileReference; lastKnownFileType = text.plist.xml; path = Info.plist; sourceTree = "<group>"; };
		3124FA2F254B6928006AF67B /* BetterRestUITests.xctest */ = {isa = PBXFileReference; explicitFileType = wrapper.cfbundle; includeInIndex = 0; path = BetterRestUITests.xctest; sourceTree = BUILT_PRODUCTS_DIR; };
		3124FA33254B6928006AF67B /* BetterRestUITests.swift */ = {isa = PBXFileReference; lastKnownFileType = sourcecode.swift; path = BetterRestUITests.swift; sourceTree = "<group>"; };
		3124FA35254B6928006AF67B /* Info.plist */ = {isa = PBXFileReference; lastKnownFileType = text.plist.xml; path = Info.plist; sourceTree = "<group>"; };
/* End PBXFileReference section */

/* Begin PBXFrameworksBuildPhase section */
		3124FA0B254B6925006AF67B /* Frameworks */ = {
			isa = PBXFrameworksBuildPhase;
			buildActionMask = 2147483647;
			files = (
			);
			runOnlyForDeploymentPostprocessing = 0;
		};
		3124FA21254B6928006AF67B /* Frameworks */ = {
			isa = PBXFrameworksBuildPhase;
			buildActionMask = 2147483647;
			files = (
			);
			runOnlyForDeploymentPostprocessing = 0;
		};
		3124FA2C254B6928006AF67B /* Frameworks */ = {
			isa = PBXFrameworksBuildPhase;
			buildActionMask = 2147483647;
			files = (
			);
			runOnlyForDeploymentPostprocessing = 0;
		};
/* End PBXFrameworksBuildPhase section */

/* Begin PBXGroup section */
		3124FA05254B6925006AF67B = {
			isa = PBXGroup;
			children = (
				3124FA10254B6925006AF67B /* BetterRest */,
				3124FA27254B6928006AF67B /* BetterRestTests */,
				3124FA32254B6928006AF67B /* BetterRestUITests */,
				3124FA0F254B6925006AF67B /* Products */,
			);
			sourceTree = "<group>";
		};
		3124FA0F254B6925006AF67B /* Products */ = {
			isa = PBXGroup;
			children = (
				3124FA0E254B6925006AF67B /* BetterRest.app */,
				3124FA24254B6928006AF67B /* BetterRestTests.xctest */,
				3124FA2F254B6928006AF67B /* BetterRestUITests.xctest */,
			);
			name = Products;
			sourceTree = "<group>";
		};
		3124FA10254B6925006AF67B /* BetterRest */ = {
			isa = PBXGroup;
			children = (
				3124FA11254B6925006AF67B /* AppDelegate.swift */,
				3124FA13254B6925006AF67B /* SceneDelegate.swift */,
				3124FA15254B6925006AF67B /* ContentView.swift */,
				3124FA17254B6928006AF67B /* Assets.xcassets */,
				3124FA1C254B6928006AF67B /* LaunchScreen.storyboard */,
				3124FA1F254B6928006AF67B /* Info.plist */,
				3124FA19254B6928006AF67B /* Preview Content */,
			);
			path = BetterRest;
			sourceTree = "<group>";
		};
		3124FA19254B6928006AF67B /* Preview Content */ = {
			isa = PBXGroup;
			children = (
				3124FA1A254B6928006AF67B /* Preview Assets.xcassets */,
			);
			path = "Preview Content";
			sourceTree = "<group>";
		};
		3124FA27254B6928006AF67B /* BetterRestTests */ = {
			isa = PBXGroup;
			children = (
				3124FA28254B6928006AF67B /* BetterRestTests.swift */,
				3124FA2A254B6928006AF67B /* Info.plist */,
			);
			path = BetterRestTests;
			sourceTree = "<group>";
		};
		3124FA32254B6928006AF67B /* BetterRestUITests */ = {
			isa = PBXGroup;
			children = (
				3124FA33254B6928006AF67B /* BetterRestUITests.swift */,
				3124FA35254B6928006AF67B /* Info.plist */,
			);
			path = BetterRestUITests;
			sourceTree = "<group>";
		};
/* End PBXGroup section */

/* Begin PBXNativeTarget section */
		3124FA0D254B6925006AF67B /* BetterRest */ = {
			isa = PBXNativeTarget;
			buildConfigurationList = 3124FA38254B6928006AF67B /* Build configuration list for PBXNativeTarget "BetterRest" */;
			buildPhases = (
				3124FA0A254B6925006AF67B /* Sources */,
				3124FA0B254B6925006AF67B /* Frameworks */,
				3124FA0C254B6925006AF67B /* Resources */,
			);
			buildRules = (
			);
			dependencies = (
			);
			name = BetterRest;
			productName = BetterRest;
			productReference = 3124FA0E254B6925006AF67B /* BetterRest.app */;
			productType = "com.apple.product-type.application";
		};
		3124FA23254B6928006AF67B /* BetterRestTests */ = {
			isa = PBXNativeTarget;
			buildConfigurationList = 3124FA3B254B6928006AF67B /* Build configuration list for PBXNativeTarget "BetterRestTests" */;
			buildPhases = (
				3124FA20254B6928006AF67B /* Sources */,
				3124FA21254B6928006AF67B /* Frameworks */,
				3124FA22254B6928006AF67B /* Resources */,
			);
			buildRules = (
			);
			dependencies = (
				3124FA26254B6928006AF67B /* PBXTargetDependency */,
			);
			name = BetterRestTests;
			productName = BetterRestTests;
			productReference = 3124FA24254B6928006AF67B /* BetterRestTests.xctest */;
			productType = "com.apple.product-type.bundle.unit-test";
		};
		3124FA2E254B6928006AF67B /* BetterRestUITests */ = {
			isa = PBXNativeTarget;
			buildConfigurationList = 3124FA3E254B6928006AF67B /* Build configuration list for PBXNativeTarget "BetterRestUITests" */;
			buildPhases = (
				3124FA2B254B6928006AF67B /* Sources */,
				3124FA2C254B6928006AF67B /* Frameworks */,
				3124FA2D254B6928006AF67B /* Resources */,
			);
			buildRules = (
			);
			dependencies = (
				3124FA31254B6928006AF67B /* PBXTargetDependency */,
			);
			name = BetterRestUITests;
			productName = BetterRestUITests;
			productReference = 3124FA2F254B6928006AF67B /* BetterRestUITests.xctest */;
			productType = "com.apple.product-type.bundle.ui-testing";
		};
/* End PBXNativeTarget section */

/* Begin PBXProject section */
		3124FA06254B6925006AF67B /* Project object */ = {
			isa = PBXProject;
			attributes = {
				LastSwiftUpdateCheck = 1200;
				LastUpgradeCheck = 1200;
				TargetAttributes = {
					3124FA0D254B6925006AF67B = {
						CreatedOnToolsVersion = 12.0.1;
					};
					3124FA23254B6928006AF67B = {
						CreatedOnToolsVersion = 12.0.1;
						TestTargetID = 3124FA0D254B6925006AF67B;
					};
					3124FA2E254B6928006AF67B = {
						CreatedOnToolsVersion = 12.0.1;
						TestTargetID = 3124FA0D254B6925006AF67B;
					};
				};
			};
			buildConfigurationList = 3124FA09254B6925006AF67B /* Build configuration list for PBXProject "BetterRest" */;
			compatibilityVersion = "Xcode 9.3";
			developmentRegion = en;
			hasScannedForEncodings = 0;
			knownRegions = (
				en,
				Base,
			);
			mainGroup = 3124FA05254B6925006AF67B;
			productRefGroup = 3124FA0F254B6925006AF67B /* Products */;
			projectDirPath = "";
			projectRoot = "";
			targets = (
				3124FA0D254B6925006AF67B /* BetterRest */,
				3124FA23254B6928006AF67B /* BetterRestTests */,
				3124FA2E254B6928006AF67B /* BetterRestUITests */,
			);
		};
/* End PBXProject section */

/* Begin PBXResourcesBuildPhase section */
		3124FA0C254B6925006AF67B /* Resources */ = {
			isa = PBXResourcesBuildPhase;
			buildActionMask = 2147483647;
			files = (
				3124FA1E254B6928006AF67B /* LaunchScreen.storyboard in Resources */,
				3124FA1B254B6928006AF67B /* Preview Assets.xcassets in Resources */,
				3124FA18254B6928006AF67B /* Assets.xcassets in Resources */,
			);
			runOnlyForDeploymentPostprocessing = 0;
		};
		3124FA22254B6928006AF67B /* Resources */ = {
			isa = PBXResourcesBuildPhase;
			buildActionMask = 2147483647;
			files = (
			);
			runOnlyForDeploymentPostprocessing = 0;
		};
		3124FA2D254B6928006AF67B /* Resources */ = {
			isa = PBXResourcesBuildPhase;
			buildActionMask = 2147483647;
			files = (
			);
			runOnlyForDeploymentPostprocessing = 0;
		};
/* End PBXResourcesBuildPhase section */

/* Begin PBXSourcesBuildPhase section */
		3124FA0A254B6925006AF67B /* Sources */ = {
			isa = PBXSourcesBuildPhase;
			buildActionMask = 2147483647;
			files = (
				3124FA12254B6925006AF67B /* AppDelegate.swift in Sources */,
				3124FA14254B6925006AF67B /* SceneDelegate.swift in Sources */,
				3124FA16254B6925006AF67B /* ContentView.swift in Sources */,
			);
			runOnlyForDeploymentPostprocessing = 0;
		};
		3124FA20254B6928006AF67B /* Sources */ = {
			isa = PBXSourcesBuildPhase;
			buildActionMask = 2147483647;
			files = (
				3124FA29254B6928006AF67B /* BetterRestTests.swift in Sources */,
			);
			runOnlyForDeploymentPostprocessing = 0;
		};
		3124FA2B254B6928006AF67B /* Sources */ = {
			isa = PBXSourcesBuildPhase;
			buildActionMask = 2147483647;
			files = (
				3124FA34254B6928006AF67B /* BetterRestUITests.swift in Sources */,
			);
			runOnlyForDeploymentPostprocessing = 0;
		};
/* End PBXSourcesBuildPhase section */

/* Begin PBXTargetDependency section */
		3124FA26254B6928006AF67B /* PBXTargetDependency */ = {
			isa = PBXTargetDependency;
			target = 3124FA0D254B6925006AF67B /* BetterRest */;
			targetProxy = 3124FA25254B6928006AF67B /* PBXContainerItemProxy */;
		};
		3124FA31254B6928006AF67B /* PBXTargetDependency */ = {
			isa = PBXTargetDependency;
			target = 3124FA0D254B6925006AF67B /* BetterRest */;
			targetProxy = 3124FA30254B6928006AF67B /* PBXContainerItemProxy */;
		};
/* End PBXTargetDependency section */

/* Begin PBXVariantGroup section */
		3124FA1C254B6928006AF67B /* LaunchScreen.storyboard */ = {
			isa = PBXVariantGroup;
			children = (
				3124FA1D254B6928006AF67B /* Base */,
			);
			name = LaunchScreen.storyboard;
			sourceTree = "<group>";
		};
/* End PBXVariantGroup section */

/* Begin XCBuildConfiguration section */
		3124FA36254B6928006AF67B /* Debug */ = {
			isa = XCBuildConfiguration;
			buildSettings = {
				ALWAYS_SEARCH_USER_PATHS = NO;
				CLANG_ANALYZER_NONNULL = YES;
				CLANG_ANALYZER_NUMBER_OBJECT_CONVERSION = YES_AGGRESSIVE;
				CLANG_CXX_LANGUAGE_STANDARD = "gnu++14";
				CLANG_CXX_LIBRARY = "libc++";
				CLANG_ENABLE_MODULES = YES;
				CLANG_ENABLE_OBJC_ARC = YES;
				CLANG_ENABLE_OBJC_WEAK = YES;
				CLANG_WARN_BLOCK_CAPTURE_AUTORELEASING = YES;
				CLANG_WARN_BOOL_CONVERSION = YES;
				CLANG_WARN_COMMA = YES;
				CLANG_WARN_CONSTANT_CONVERSION = YES;
				CLANG_WARN_DEPRECATED_OBJC_IMPLEMENTATIONS = YES;
				CLANG_WARN_DIRECT_OBJC_ISA_USAGE = YES_ERROR;
				CLANG_WARN_DOCUMENTATION_COMMENTS = YES;
				CLANG_WARN_EMPTY_BODY = YES;
				CLANG_WARN_ENUM_CONVERSION = YES;
				CLANG_WARN_INFINITE_RECURSION = YES;
				CLANG_WARN_INT_CONVERSION = YES;
				CLANG_WARN_NON_LITERAL_NULL_CONVERSION = YES;
				CLANG_WARN_OBJC_IMPLICIT_RETAIN_SELF = YES;
				CLANG_WARN_OBJC_LITERAL_CONVERSION = YES;
				CLANG_WARN_OBJC_ROOT_CLASS = YES_ERROR;
				CLANG_WARN_QUOTED_INCLUDE_IN_FRAMEWORK_HEADER = YES;
				CLANG_WARN_RANGE_LOOP_ANALYSIS = YES;
				CLANG_WARN_STRICT_PROTOTYPES = YES;
				CLANG_WARN_SUSPICIOUS_MOVE = YES;
				CLANG_WARN_UNGUARDED_AVAILABILITY = YES_AGGRESSIVE;
				CLANG_WARN_UNREACHABLE_CODE = YES;
				CLANG_WARN__DUPLICATE_METHOD_MATCH = YES;
				COPY_PHASE_STRIP = NO;
				DEBUG_INFORMATION_FORMAT = dwarf;
				ENABLE_STRICT_OBJC_MSGSEND = YES;
				ENABLE_TESTABILITY = YES;
				GCC_C_LANGUAGE_STANDARD = gnu11;
				GCC_DYNAMIC_NO_PIC = NO;
				GCC_NO_COMMON_BLOCKS = YES;
				GCC_OPTIMIZATION_LEVEL = 0;
				GCC_PREPROCESSOR_DEFINITIONS = (
					"DEBUG=1",
					"$(inherited)",
				);
				GCC_WARN_64_TO_32_BIT_CONVERSION = YES;
				GCC_WARN_ABOUT_RETURN_TYPE = YES_ERROR;
				GCC_WARN_UNDECLARED_SELECTOR = YES;
				GCC_WARN_UNINITIALIZED_AUTOS = YES_AGGRESSIVE;
				GCC_WARN_UNUSED_FUNCTION = YES;
				GCC_WARN_UNUSED_VARIABLE = YES;
				IPHONEOS_DEPLOYMENT_TARGET = 14.0;
				MTL_ENABLE_DEBUG_INFO = INCLUDE_SOURCE;
				MTL_FAST_MATH = YES;
				ONLY_ACTIVE_ARCH = YES;
				SDKROOT = iphoneos;
				SWIFT_ACTIVE_COMPILATION_CONDITIONS = DEBUG;
				SWIFT_OPTIMIZATION_LEVEL = "-Onone";
			};
			name = Debug;
		};
		3124FA37254B6928006AF67B /* Release */ = {
			isa = XCBuildConfiguration;
			buildSettings = {
				ALWAYS_SEARCH_USER_PATHS = NO;
				CLANG_ANALYZER_NONNULL = YES;
				CLANG_ANALYZER_NUMBER_OBJECT_CONVERSION = YES_AGGRESSIVE;
				CLANG_CXX_LANGUAGE_STANDARD = "gnu++14";
				CLANG_CXX_LIBRARY = "libc++";
				CLANG_ENABLE_MODULES = YES;
				CLANG_ENABLE_OBJC_ARC = YES;
				CLANG_ENABLE_OBJC_WEAK = YES;
				CLANG_WARN_BLOCK_CAPTURE_AUTORELEASING = YES;
				CLANG_WARN_BOOL_CONVERSION = YES;
				CLANG_WARN_COMMA = YES;
				CLANG_WARN_CONSTANT_CONVERSION = YES;
				CLANG_WARN_DEPRECATED_OBJC_IMPLEMENTATIONS = YES;
				CLANG_WARN_DIRECT_OBJC_ISA_USAGE = YES_ERROR;
				CLANG_WARN_DOCUMENTATION_COMMENTS = YES;
				CLANG_WARN_EMPTY_BODY = YES;
				CLANG_WARN_ENUM_CONVERSION = YES;
				CLANG_WARN_INFINITE_RECURSION = YES;
				CLANG_WARN_INT_CONVERSION = YES;
				CLANG_WARN_NON_LITERAL_NULL_CONVERSION = YES;
				CLANG_WARN_OBJC_IMPLICIT_RETAIN_SELF = YES;
				CLANG_WARN_OBJC_LITERAL_CONVERSION = YES;
				CLANG_WARN_OBJC_ROOT_CLASS = YES_ERROR;
				CLANG_WARN_QUOTED_INCLUDE_IN_FRAMEWORK_HEADER = YES;
				CLANG_WARN_RANGE_LOOP_ANALYSIS = YES;
				CLANG_WARN_STRICT_PROTOTYPES = YES;
				CLANG_WARN_SUSPICIOUS_MOVE = YES;
				CLANG_WARN_UNGUARDED_AVAILABILITY = YES_AGGRESSIVE;
				CLANG_WARN_UNREACHABLE_CODE = YES;
				CLANG_WARN__DUPLICATE_METHOD_MATCH = YES;
				COPY_PHASE_STRIP = NO;
				DEBUG_INFORMATION_FORMAT = "dwarf-with-dsym";
				ENABLE_NS_ASSERTIONS = NO;
				ENABLE_STRICT_OBJC_MSGSEND = YES;
				GCC_C_LANGUAGE_STANDARD = gnu11;
				GCC_NO_COMMON_BLOCKS = YES;
				GCC_WARN_64_TO_32_BIT_CONVERSION = YES;
				GCC_WARN_ABOUT_RETURN_TYPE = YES_ERROR;
				GCC_WARN_UNDECLARED_SELECTOR = YES;
				GCC_WARN_UNINITIALIZED_AUTOS = YES_AGGRESSIVE;
				GCC_WARN_UNUSED_FUNCTION = YES;
				GCC_WARN_UNUSED_VARIABLE = YES;
				IPHONEOS_DEPLOYMENT_TARGET = 14.0;
				MTL_ENABLE_DEBUG_INFO = NO;
				MTL_FAST_MATH = YES;
				SDKROOT = iphoneos;
				SWIFT_COMPILATION_MODE = wholemodule;
				SWIFT_OPTIMIZATION_LEVEL = "-O";
				VALIDATE_PRODUCT = YES;
			};
			name = Release;
		};
		3124FA39254B6928006AF67B /* Debug */ = {
			isa = XCBuildConfiguration;
			buildSettings = {
				ASSETCATALOG_COMPILER_APPICON_NAME = AppIcon;
				ASSETCATALOG_COMPILER_GLOBAL_ACCENT_COLOR_NAME = AccentColor;
				CODE_SIGN_STYLE = Automatic;
				DEVELOPMENT_ASSET_PATHS = "\"BetterRest/Preview Content\"";
				DEVELOPMENT_TEAM = T7SJ98XW44;
				ENABLE_PREVIEWS = YES;
				INFOPLIST_FILE = BetterRest/Info.plist;
				LD_RUNPATH_SEARCH_PATHS = (
					"$(inherited)",
					"@executable_path/Frameworks",
				);
				PRODUCT_BUNDLE_IDENTIFIER = com.neilmarcellini.BetterRest;
				PRODUCT_NAME = "$(TARGET_NAME)";
				SWIFT_VERSION = 5.0;
				TARGETED_DEVICE_FAMILY = "1,2";
			};
			name = Debug;
		};
		3124FA3A254B6928006AF67B /* Release */ = {
			isa = XCBuildConfiguration;
			buildSettings = {
				ASSETCATALOG_COMPILER_APPICON_NAME = AppIcon;
				ASSETCATALOG_COMPILER_GLOBAL_ACCENT_COLOR_NAME = AccentColor;
				CODE_SIGN_STYLE = Automatic;
				DEVELOPMENT_ASSET_PATHS = "\"BetterRest/Preview Content\"";
				DEVELOPMENT_TEAM = T7SJ98XW44;
				ENABLE_PREVIEWS = YES;
				INFOPLIST_FILE = BetterRest/Info.plist;
				LD_RUNPATH_SEARCH_PATHS = (
					"$(inherited)",
					"@executable_path/Frameworks",
				);
				PRODUCT_BUNDLE_IDENTIFIER = com.neilmarcellini.BetterRest;
				PRODUCT_NAME = "$(TARGET_NAME)";
				SWIFT_VERSION = 5.0;
				TARGETED_DEVICE_FAMILY = "1,2";
			};
			name = Release;
		};
		3124FA3C254B6928006AF67B /* Debug */ = {
			isa = XCBuildConfiguration;
			buildSettings = {
				ALWAYS_EMBED_SWIFT_STANDARD_LIBRARIES = YES;
				BUNDLE_LOADER = "$(TEST_HOST)";
				CODE_SIGN_STYLE = Automatic;
				DEVELOPMENT_TEAM = T7SJ98XW44;
				INFOPLIST_FILE = BetterRestTests/Info.plist;
				IPHONEOS_DEPLOYMENT_TARGET = 14.0;
				LD_RUNPATH_SEARCH_PATHS = (
					"$(inherited)",
					"@executable_path/Frameworks",
					"@loader_path/Frameworks",
				);
				PRODUCT_BUNDLE_IDENTIFIER = com.neilmarcellini.BetterRestTests;
				PRODUCT_NAME = "$(TARGET_NAME)";
				SWIFT_VERSION = 5.0;
				TARGETED_DEVICE_FAMILY = "1,2";
				TEST_HOST = "$(BUILT_PRODUCTS_DIR)/BetterRest.app/BetterRest";
			};
			name = Debug;
		};
		3124FA3D254B6928006AF67B /* Release */ = {
			isa = XCBuildConfiguration;
			buildSettings = {
				ALWAYS_EMBED_SWIFT_STANDARD_LIBRARIES = YES;
				BUNDLE_LOADER = "$(TEST_HOST)";
				CODE_SIGN_STYLE = Automatic;
				DEVELOPMENT_TEAM = T7SJ98XW44;
				INFOPLIST_FILE = BetterRestTests/Info.plist;
				IPHONEOS_DEPLOYMENT_TARGET = 14.0;
				LD_RUNPATH_SEARCH_PATHS = (
					"$(inherited)",
					"@executable_path/Frameworks",
					"@loader_path/Frameworks",
				);
				PRODUCT_BUNDLE_IDENTIFIER = com.neilmarcellini.BetterRestTests;
				PRODUCT_NAME = "$(TARGET_NAME)";
				SWIFT_VERSION = 5.0;
				TARGETED_DEVICE_FAMILY = "1,2";
				TEST_HOST = "$(BUILT_PRODUCTS_DIR)/BetterRest.app/BetterRest";
			};
			name = Release;
		};
		3124FA3F254B6928006AF67B /* Debug */ = {
			isa = XCBuildConfiguration;
			buildSettings = {
				ALWAYS_EMBED_SWIFT_STANDARD_LIBRARIES = YES;
				CODE_SIGN_STYLE = Automatic;
				DEVELOPMENT_TEAM = T7SJ98XW44;
				INFOPLIST_FILE = BetterRestUITests/Info.plist;
				LD_RUNPATH_SEARCH_PATHS = (
					"$(inherited)",
					"@executable_path/Frameworks",
					"@loader_path/Frameworks",
				);
				PRODUCT_BUNDLE_IDENTIFIER = com.neilmarcellini.BetterRestUITests;
				PRODUCT_NAME = "$(TARGET_NAME)";
				SWIFT_VERSION = 5.0;
				TARGETED_DEVICE_FAMILY = "1,2";
				TEST_TARGET_NAME = BetterRest;
			};
			name = Debug;
		};
		3124FA40254B6928006AF67B /* Release */ = {
			isa = XCBuildConfiguration;
			buildSettings = {
				ALWAYS_EMBED_SWIFT_STANDARD_LIBRARIES = YES;
				CODE_SIGN_STYLE = Automatic;
				DEVELOPMENT_TEAM = T7SJ98XW44;
				INFOPLIST_FILE = BetterRestUITests/Info.plist;
				LD_RUNPATH_SEARCH_PATHS = (
					"$(inherited)",
					"@executable_path/Frameworks",
					"@loader_path/Frameworks",
				);
				PRODUCT_BUNDLE_IDENTIFIER = com.neilmarcellini.BetterRestUITests;
				PRODUCT_NAME = "$(TARGET_NAME)";
				SWIFT_VERSION = 5.0;
				TARGETED_DEVICE_FAMILY = "1,2";
				TEST_TARGET_NAME = BetterRest;
			};
			name = Release;
		};
/* End XCBuildConfiguration section */

/* Begin XCConfigurationList section */
		3124FA09254B6925006AF67B /* Build configuration list for PBXProject "BetterRest" */ = {
			isa = XCConfigurationList;
			buildConfigurations = (
				3124FA36254B6928006AF67B /* Debug */,
				3124FA37254B6928006AF67B /* Release */,
			);
			defaultConfigurationIsVisible = 0;
			defaultConfigurationName = Release;
		};
		3124FA38254B6928006AF67B /* Build configuration list for PBXNativeTarget "BetterRest" */ = {
			isa = XCConfigurationList;
			buildConfigurations = (
				3124FA39254B6928006AF67B /* Debug */,
				3124FA3A254B6928006AF67B /* Release */,
			);
			defaultConfigurationIsVisible = 0;
			defaultConfigurationName = Release;
		};
		3124FA3B254B6928006AF67B /* Build configuration list for PBXNativeTarget "BetterRestTests" */ = {
			isa = XCConfigurationList;
			buildConfigurations = (
				3124FA3C254B6928006AF67B /* Debug */,
				3124FA3D254B6928006AF67B /* Release */,
			);
			defaultConfigurationIsVisible = 0;
			defaultConfigurationName = Release;
		};
		3124FA3E254B6928006AF67B /* Build configuration list for PBXNativeTarget "BetterRestUITests" */ = {
			isa = XCConfigurationList;
			buildConfigurations = (
				3124FA3F254B6928006AF67B /* Debug */,
				3124FA40254B6928006AF67B /* Release */,
			);
			defaultConfigurationIsVisible = 0;
			defaultConfigurationName = Release;
		};
/* End XCConfigurationList section */
	};
	rootObject = 3124FA06254B6925006AF67B /* Project object */;
}
